# THIS IS AN AUTOGENERATED FILE. DO NOT EDIT THIS FILE DIRECTLY.
# yarn lockfile v1


"@babel/runtime@^7.12.1", "@babel/runtime@^7.9.2":
  "integrity" "sha512-EXpLCrk55f+cYqmHsSR+yD/0gAIMxxA9QK9lnQWzhMCvt+YmoBN7Zx94s++Kv0+unHk39vxNO8t+CMA2WSS3wA=="
  "resolved" "https://registry.npmjs.org/@babel/runtime/-/runtime-7.19.4.tgz"
  "version" "7.19.4"
  dependencies:
    "regenerator-runtime" "^0.13.4"

"@reduxjs/toolkit@^1.8.5":
  "integrity" "sha512-4Ia/Loc6WLmdSOzi7k5ff7dLK8CgG2b8aqpLsCAJhazAzGdp//YBUSaj0ceW6a3kDBDNRrq5CRwyCS0wBiL1ig=="
  "resolved" "https://registry.npmjs.org/@reduxjs/toolkit/-/toolkit-1.8.6.tgz"
  "version" "1.8.6"
  dependencies:
    "immer" "^9.0.7"
    "redux" "^4.1.2"
    "redux-thunk" "^2.4.1"
    "reselect" "^4.1.5"

"@types/hoist-non-react-statics@^3.3.1":
  "integrity" "sha512-iMIqiko6ooLrTh1joXodJK5X9xeEALT1kM5G3ZLhD3hszxBdIEd5C75U834D9mLcINgD4OyZf5uQXjkuYydWvA=="
  "resolved" "https://registry.npmjs.org/@types/hoist-non-react-statics/-/hoist-non-react-statics-3.3.1.tgz"
  "version" "3.3.1"
  dependencies:
    "@types/react" "*"
    "hoist-non-react-statics" "^3.3.0"

"@types/prop-types@*":
  "integrity" "sha512-JCB8C6SnDoQf0cNycqd/35A7MjcnK+ZTqE7judS6o7utxUCg6imJg3QK2qzHKszlTjcj2cn+NwMB2i96ubpj7w=="
  "resolved" "https://registry.npmjs.org/@types/prop-types/-/prop-types-15.7.5.tgz"
  "version" "15.7.5"

"@types/react@*", "@types/react@^16.8 || ^17.0 || ^18.0":
  "integrity" "sha512-7QUCOxvFgnD5Jk8ZKlUAhVcRj7GuJRjnjjiY/IUBWKgOlnvDvTMLD4RTF7NPyVmbRhNrbomZiOepg7M/2Kj1mA=="
  "resolved" "https://registry.npmjs.org/@types/react/-/react-18.0.21.tgz"
  "version" "18.0.21"
  dependencies:
    "@types/prop-types" "*"
    "@types/scheduler" "*"
    "csstype" "^3.0.2"

"@types/scheduler@*":
  "integrity" "sha512-hppQEBDmlwhFAXKJX2KnWLYu5yMfi91yazPb2l+lbJiwW+wdo1gNeRA+3RgNSO39WYX2euey41KEwnqesU2Jew=="
  "resolved" "https://registry.npmjs.org/@types/scheduler/-/scheduler-0.16.2.tgz"
  "version" "0.16.2"

"@types/use-sync-external-store@^0.0.3":
  "integrity" "sha512-EwmlvuaxPNej9+T4v5AuBPJa2x2UOJVdjCtDHgcDqitUeOtjnJKJ+apYjVcAoBEMjKW1VVFGZLUb5+qqa09XFA=="
  "resolved" "https://registry.npmjs.org/@types/use-sync-external-store/-/use-sync-external-store-0.0.3.tgz"
  "version" "0.0.3"

"core-js@^3.6.5":
  "integrity" "sha512-nbm6eZSjm+ZuBQxCUPQKQCoUEfFOXjUZ8dTTyikyKaWrTYmAVbykQfwsKE5dBK88u3QCkCrzsx/PPlKfhsvgpw=="
  "resolved" "https://registry.npmjs.org/core-js/-/core-js-3.25.5.tgz"
  "version" "3.25.5"

"csstype@^3.0.2":
  "integrity" "sha512-DJR/VvkAvSZW9bTouZue2sSxDwdTN92uHjqeKVm+0dAqdfNykRzQ95tay8aXMBAAPpUiq4Qcug2L7neoRh2Egw=="
  "resolved" "https://registry.npmjs.org/csstype/-/csstype-3.1.1.tgz"
  "version" "3.1.1"

"hoist-non-react-statics@^3.3.0", "hoist-non-react-statics@^3.3.2":
  "integrity" "sha512-/gGivxi8JPKWNm/W0jSmzcMPpfpPLc3dY/6GxhX2hQ9iGj3aDfklV4ET7NjKpSinLpJ5vafa9iiGIEZg10SfBw=="
  "resolved" "https://registry.npmjs.org/hoist-non-react-statics/-/hoist-non-react-statics-3.3.2.tgz"
  "version" "3.3.2"
  dependencies:
    "react-is" "^16.7.0"

"immer@^9.0.7":
  "integrity" "sha512-2eB/sswms9AEUSkOm4SbV5Y7Vmt/bKRwByd52jfLkW4OLYeaTP3EEiJ9agqU0O/tq6Dk62Zfj+TJSqfm1rLVGQ=="
  "resolved" "https://registry.npmjs.org/immer/-/immer-9.0.15.tgz"
  "version" "9.0.15"

"js-tokens@^3.0.0 || ^4.0.0":
  "integrity" "sha512-RdJUflcE3cUzKiMqQgsCu06FPu9UdIJO0beYbPhHN4k6apgJtifcoCtT9bcxOpYBtpD2kCM6Sbzg4CausW/PKQ=="
  "resolved" "https://registry.npmjs.org/js-tokens/-/js-tokens-4.0.0.tgz"
  "version" "4.0.0"

"loose-envify@^1.1.0":
  "integrity" "sha512-lyuxPGr/Wfhrlem2CL/UcnUc1zcqKAImBDzukY7Y5F/yQiNdko6+fRLevlw1HgMySw7f611UIY408EtxRSoK3Q=="
  "resolved" "https://registry.npmjs.org/loose-envify/-/loose-envify-1.4.0.tgz"
  "version" "1.4.0"
  dependencies:
    "js-tokens" "^3.0.0 || ^4.0.0"

"react-combine-reducers@^1.1.1":
  "integrity" "sha512-wHVJj9RdtoqSY8np9CFgOjUxHZwrlKvETOyJ3EZwDrVkQ8evz/Kl9khZ1ZzcirdNwAAWa2gDNqPfDsYtMtoHBQ=="
  "resolved" "https://registry.npmjs.org/react-combine-reducers/-/react-combine-reducers-1.1.1.tgz"
  "version" "1.1.1"
  dependencies:
    "core-js" "^3.6.5"

"react-dom@^16.8 || ^17.0 || ^18.0", "react-dom@^18.2.0":
  "integrity" "sha512-6IMTriUmvsjHUjNtEDudZfuDQUoWXVxKHhlEGSk81n4YFS+r/Kl99wXiwlVXtPBtJenozv2P+hxDsw9eA7Xo6g=="
  "resolved" "https://registry.npmjs.org/react-dom/-/react-dom-18.2.0.tgz"
  "version" "18.2.0"
  dependencies:
    "loose-envify" "^1.1.0"
    "scheduler" "^0.23.0"

"react-is@^16.7.0":
  "integrity" "sha512-24e6ynE2H+OKt4kqsOvNd8kBpV65zoxbA4BVsEOB3ARVWQki/DHzaUoC5KuON/BiccDaCCTZBuOcfZs70kR8bQ=="
  "resolved" "https://registry.npmjs.org/react-is/-/react-is-16.13.1.tgz"
  "version" "16.13.1"

"react-is@^18.0.0":
  "integrity" "sha512-xWGDIW6x921xtzPkhiULtthJHoJvBbF3q26fzloPCK0hsvxtPVelvftw3zjbHWSkR2km9Z+4uxbDDK/6Zw9B8w=="
  "resolved" "https://registry.npmjs.org/react-is/-/react-is-18.2.0.tgz"
  "version" "18.2.0"

"react-redux@^7.2.1 || ^8.0.2":
  "integrity" "sha512-yMfQ7mX6bWuicz2fids6cR1YT59VTuT8MKyyE310wJQlINKENCeT1UcPdEiX6znI5tF8zXyJ/VYvDgeGuaaNwQ=="
  "resolved" "https://registry.npmjs.org/react-redux/-/react-redux-8.0.4.tgz"
  "version" "8.0.4"
  dependencies:
    "@babel/runtime" "^7.12.1"
    "@types/hoist-non-react-statics" "^3.3.1"
    "@types/use-sync-external-store" "^0.0.3"
    "hoist-non-react-statics" "^3.3.2"
    "react-is" "^18.0.0"
    "use-sync-external-store" "^1.0.0"

"react@^16.8 || ^17.0 || ^18.0", "react@^16.8.0 || ^17.0.0 || ^18.0.0", "react@^16.9.0 || ^17.0.0 || ^18", "react@^18.2.0":
  "integrity" "sha512-/3IjMdb2L9QbBdWiW5e3P2/npwMBaU9mHCSCUzNln0ZCYbcfTsGbTJrU/kGemdH2IWmB2ioZ+zkxtmq6g09fGQ=="
  "resolved" "https://registry.npmjs.org/react/-/react-18.2.0.tgz"
  "version" "18.2.0"
  dependencies:
    "loose-envify" "^1.1.0"

"redux-thunk@^2.4.1":
  "integrity" "sha512-OOYGNY5Jy2TWvTL1KgAlVy6dcx3siPJ1wTq741EPyUKfn6W6nChdICjZwCd0p8AZBs5kWpZlbkXW2nE/zjUa+Q=="
  "resolved" "https://registry.npmjs.org/redux-thunk/-/redux-thunk-2.4.1.tgz"
  "version" "2.4.1"

"redux@^4", "redux@^4.1.2", "redux@^4.2.0":
  "integrity" "sha512-oSBmcKKIuIR4ME29/AeNUnl5L+hvBq7OaJWzaptTQJAntaPvxIJqfnjbaEiCzzaIz+XmVILfqAM3Ob0aXLPfjA=="
  "resolved" "https://registry.npmjs.org/redux/-/redux-4.2.0.tgz"
  "version" "4.2.0"
  dependencies:
    "@babel/runtime" "^7.9.2"

"regenerator-runtime@^0.13.4":
  "integrity" "sha512-p3VT+cOEgxFsRRA9X4lkI1E+k2/CtnKtU4gcxyaCUreilL/vqI6CdZ3wxVUx3UOUg+gnUOQQcRI7BmSI656MYA=="
  "resolved" "https://registry.npmjs.org/regenerator-runtime/-/regenerator-runtime-0.13.9.tgz"
  "version" "0.13.9"

"reselect@^4.1.5":
  "integrity" "sha512-ZovIuXqto7elwnxyXbBtCPo9YFEr3uJqj2rRbcOOog1bmu2Ag85M4hixSwFWyaBMKXNgvPaJ9OSu9SkBPIeJHQ=="
  "resolved" "https://registry.npmjs.org/reselect/-/reselect-4.1.6.tgz"
  "version" "4.1.6"

"scheduler@^0.23.0":
  "integrity" "sha512-CtuThmgHNg7zIZWAXi3AsyIzA3n4xx7aNyjwC2VJldO2LMVDhFK+63xGqq6CsJH4rTAt6/M+N4GhZiDYPx9eUw=="
  "resolved" "https://registry.npmjs.org/scheduler/-/scheduler-0.23.0.tgz"
  "version" "0.23.0"
  dependencies:
    "loose-envify" "^1.1.0"

"use-sync-external-store@^1.0.0":
  "integrity" "sha512-eEgnFxGQ1Ife9bzYs6VLi8/4X6CObHMw9Qr9tPY43iKwsPw8xE8+EFsf/2cFZ5S3esXgpWgtSCtLNS41F+sKPA=="
  "resolved" "https://registry.npmjs.org/use-sync-external-store/-/use-sync-external-store-1.2.0.tgz"
  "version" "1.2.0"
